
Microsoft Visual Studio Solution File, Format Version 12.00
# Visual Studio Version 16
VisualStudioVersion = 16.0.28803.202
MinimumVisualStudioVersion = 10.0.40219.1
Project("{8BC9CEB8-8B4A-11D0-8D11-00A0C91BC942}") = "COAL-Project-TTT", "COAL-Project-TTT\COAL-Project-TTT.vcxproj", "{9E978C15-9D5C-4244-875B-53FE981E4AF3}"
EndProject
Global
	GlobalSection(SolutionConfigurationPlatforms) = preSolution
		Debug|x64 = Debug|x64
		Debug|x86 = Debug|x86
		Release|x64 = Release|x64
		Release|x86 = Release|x86
	EndGlobalSection
	GlobalSection(ProjectConfigurationPlatforms) = postSolution
		{9E978C15-9D5C-4244-875B-53FE981E4AF3}.Debug|x64.ActiveCfg = Debug|x64
		{9E978C15-9D5C-4244-875B-53FE981E4AF3}.Debug|x64.Build.0 = Debug|x64
		{9E978C15-9D5C-4244-875B-53FE981E4AF3}.Debug|x86.ActiveCfg = Debug|Win32
		{9E978C15-9D5C-4244-875B-53FE981E4AF3}.Debug|x86.Build.0 = Debug|Win32
		{9E978C15-9D5C-4244-875B-53FE981E4AF3}.Release|x64.ActiveCfg = Release|x64
		{9E978C15-9D5C-4244-875B-53FE981E4AF3}.Release|x64.Build.0 = Release|x64
		{9E978C15-9D5C-4244-875B-53FE981E4AF3}.Release|x86.ActiveCfg = Release|Win32
		{9E978C15-9D5C-4244-875B-53FE981E4AF3}.Release|x86.Build.0 = Release|Win32
	EndGlobalSection
	GlobalSection(SolutionProperties) = preSolution
		HideSolutionNode = FALSE
	EndGlobalSection
	GlobalSection(ExtensibilityGlobals) = postSolution
		SolutionGuid = {11D8A72E-8474-4352-962C-2E85686A19B0}
	EndGlobalSection
EndGlobal
